
Microsoft Visual Studio Solution File, Format Version 12.00
# Visual Studio Version 17
VisualStudioVersion = 17.4.33213.308
MinimumVisualStudioVersion = 10.0.40219.1
Project("{FAE04EC0-301F-11D3-BF4B-00C04F79EFBC}") = "Jeremiah_SupermarketOnline", "Jeremiah_SupermarketOnline.csproj", "{3C0BC543-12B0-4944-A654-533F1C716474}"
EndProject
Global
	GlobalSection(SolutionConfigurationPlatforms) = preSolution
		Debug|Any CPU = Debug|Any CPU
		Release|Any CPU = Release|Any CPU
	EndGlobalSection
	GlobalSection(ProjectConfigurationPlatforms) = postSolution
		{3C0BC543-12B0-4944-A654-533F1C716474}.Debug|Any CPU.ActiveCfg = Debug|Any CPU
		{3C0BC543-12B0-4944-A654-533F1C716474}.Debug|Any CPU.Build.0 = Debug|Any CPU
		{3C0BC543-12B0-4944-A654-533F1C716474}.Release|Any CPU.ActiveCfg = Release|Any CPU
		{3C0BC543-12B0-4944-A654-533F1C716474}.Release|Any CPU.Build.0 = Release|Any CPU
	EndGlobalSection
	GlobalSection(SolutionProperties) = preSolution
		HideSolutionNode = FALSE
	EndGlobalSection
	GlobalSection(ExtensibilityGlobals) = postSolution
		SolutionGuid = {AE0D7B9C-47F5-4927-B548-8F8D87E1721B}
	EndGlobalSection
EndGlobal
